
Microsoft Visual Studio Solution File, Format Version 12.00
# Visual Studio 14
VisualStudioVersion = 14.0.24720.0
MinimumVisualStudioVersion = 10.0.40219.1
Project("{FAE04EC0-301F-11D3-BF4B-00C04F79EFBC}") = "Sangmado.Inka.Logging.Log4NetIntegration", "Sangmado.Inka.Logging.Log4NetIntegration\Sangmado.Inka.Logging.Log4NetIntegration.csproj", "{E58E9E59-0DC8-487F-9232-EFD735983AC6}"
EndProject
Global
	GlobalSection(SolutionConfigurationPlatforms) = preSolution
		Debug|Any CPU = Debug|Any CPU
		Release|Any CPU = Release|Any CPU
	EndGlobalSection
	GlobalSection(ProjectConfigurationPlatforms) = postSolution
		{E58E9E59-0DC8-487F-9232-EFD735983AC6}.Debug|Any CPU.ActiveCfg = Debug|Any CPU
		{E58E9E59-0DC8-487F-9232-EFD735983AC6}.Debug|Any CPU.Build.0 = Debug|Any CPU
		{E58E9E59-0DC8-487F-9232-EFD735983AC6}.Release|Any CPU.ActiveCfg = Release|Any CPU
		{E58E9E59-0DC8-487F-9232-EFD735983AC6}.Release|Any CPU.Build.0 = Release|Any CPU
	EndGlobalSection
	GlobalSection(SolutionProperties) = preSolution
		HideSolutionNode = FALSE
	EndGlobalSection
	GlobalSection(ExtensibilityGlobals) = postSolution
		SolutionGuid = {4B4F4F49-C94C-4052-AA64-18FE6E8E6093}
	EndGlobalSection
EndGlobal
